
Microsoft Visual Studio Solution File, Format Version 12.00
# Visual Studio 15
Project("{FAE04EC0-301F-11D3-BF4B-00C04F79EFBC}") = "Assembly-CSharp", "Assembly-CSharp.csproj", "{32F9FA2C-09E3-325E-084B-29976307607F}"
EndProject
Project("{FAE04EC0-301F-11D3-BF4B-00C04F79EFBC}") = "IngameDebugConsole.Runtime", "IngameDebugConsole.Runtime.csproj", "{A8F73B2B-3567-8254-B8AD-389EC039C0BD}"
EndProject
Project("{FAE04EC0-301F-11D3-BF4B-00C04F79EFBC}") = "Assembly-CSharp-firstpass", "Assembly-CSharp-firstpass.csproj", "{2E9C5691-6D3B-41A7-C524-789ACFA32C25}"
EndProject
Project("{FAE04EC0-301F-11D3-BF4B-00C04F79EFBC}") = "Assembly-CSharp-Editor", "Assembly-CSharp-Editor.csproj", "{1C5B0E94-B558-ECA4-7C0B-804928DE2427}"
EndProject
Project("{FAE04EC0-301F-11D3-BF4B-00C04F79EFBC}") = "IngameDebugConsole.Editor", "IngameDebugConsole.Editor.csproj", "{DAE9E6BA-A151-1311-A554-1369EE29CD39}"
EndProject
Global
	GlobalSection(SolutionConfigurationPlatforms) = preSolution
		Debug|Any CPU = Debug|Any CPU
		Release|Any CPU = Release|Any CPU
	EndGlobalSection
	GlobalSection(ProjectConfigurationPlatforms) = postSolution
		{32F9FA2C-09E3-325E-084B-29976307607F}.Debug|Any CPU.ActiveCfg = Debug|Any CPU
		{32F9FA2C-09E3-325E-084B-29976307607F}.Debug|Any CPU.Build.0 = Debug|Any CPU
		{32F9FA2C-09E3-325E-084B-29976307607F}.Release|Any CPU.ActiveCfg = Release|Any CPU
		{32F9FA2C-09E3-325E-084B-29976307607F}.Release|Any CPU.Build.0 = Release|Any CPU
		{A8F73B2B-3567-8254-B8AD-389EC039C0BD}.Debug|Any CPU.ActiveCfg = Debug|Any CPU
		{A8F73B2B-3567-8254-B8AD-389EC039C0BD}.Debug|Any CPU.Build.0 = Debug|Any CPU
		{A8F73B2B-3567-8254-B8AD-389EC039C0BD}.Release|Any CPU.ActiveCfg = Release|Any CPU
		{A8F73B2B-3567-8254-B8AD-389EC039C0BD}.Release|Any CPU.Build.0 = Release|Any CPU
		{2E9C5691-6D3B-41A7-C524-789ACFA32C25}.Debug|Any CPU.ActiveCfg = Debug|Any CPU
		{2E9C5691-6D3B-41A7-C524-789ACFA32C25}.Debug|Any CPU.Build.0 = Debug|Any CPU
		{2E9C5691-6D3B-41A7-C524-789ACFA32C25}.Release|Any CPU.ActiveCfg = Release|Any CPU
		{2E9C5691-6D3B-41A7-C524-789ACFA32C25}.Release|Any CPU.Build.0 = Release|Any CPU
		{1C5B0E94-B558-ECA4-7C0B-804928DE2427}.Debug|Any CPU.ActiveCfg = Debug|Any CPU
		{1C5B0E94-B558-ECA4-7C0B-804928DE2427}.Debug|Any CPU.Build.0 = Debug|Any CPU
		{1C5B0E94-B558-ECA4-7C0B-804928DE2427}.Release|Any CPU.ActiveCfg = Release|Any CPU
		{1C5B0E94-B558-ECA4-7C0B-804928DE2427}.Release|Any CPU.Build.0 = Release|Any CPU
		{DAE9E6BA-A151-1311-A554-1369EE29CD39}.Debug|Any CPU.ActiveCfg = Debug|Any CPU
		{DAE9E6BA-A151-1311-A554-1369EE29CD39}.Debug|Any CPU.Build.0 = Debug|Any CPU
		{DAE9E6BA-A151-1311-A554-1369EE29CD39}.Release|Any CPU.ActiveCfg = Release|Any CPU
		{DAE9E6BA-A151-1311-A554-1369EE29CD39}.Release|Any CPU.Build.0 = Release|Any CPU
	EndGlobalSection
	GlobalSection(SolutionProperties) = preSolution
		HideSolutionNode = FALSE
	EndGlobalSection
EndGlobal
